
Microsoft Visual Studio Solution File, Format Version 12.00
# Visual Studio Version 17
VisualStudioVersion = 17.8.34525.116
MinimumVisualStudioVersion = 10.0.40219.1
Project("{9A19103F-16F7-4668-BE54-9A1E7A4F7556}") = "CRUD", "CRUD\CRUD.csproj", "{37094D00-84B9-4DA1-A81A-9FB08A89E1CA}"
EndProject
Global
	GlobalSection(SolutionConfigurationPlatforms) = preSolution
		Debug|Any CPU = Debug|Any CPU
		Release|Any CPU = Release|Any CPU
	EndGlobalSection
	GlobalSection(ProjectConfigurationPlatforms) = postSolution
		{37094D00-84B9-4DA1-A81A-9FB08A89E1CA}.Debug|Any CPU.ActiveCfg = Debug|Any CPU
		{37094D00-84B9-4DA1-A81A-9FB08A89E1CA}.Debug|Any CPU.Build.0 = Debug|Any CPU
		{37094D00-84B9-4DA1-A81A-9FB08A89E1CA}.Release|Any CPU.ActiveCfg = Release|Any CPU
		{37094D00-84B9-4DA1-A81A-9FB08A89E1CA}.Release|Any CPU.Build.0 = Release|Any CPU
	EndGlobalSection
	GlobalSection(SolutionProperties) = preSolution
		HideSolutionNode = FALSE
	EndGlobalSection
	GlobalSection(ExtensibilityGlobals) = postSolution
		SolutionGuid = {28F4397D-9FD7-4D1B-94AB-1D731025A1FD}
	EndGlobalSection
EndGlobal
